github.com/chai2010/webp v1.1.0 h1:4Ei0/BRroMF9FaXDG2e4OxwFcuW2vcXd+A6tyqTJUQQ=
github.com/chai2010/webp v1.1.0/go.mod h1:LP12PG5IFmLGHUU26tBiCBKnghxx3toZFwDjOYvd3Ow=
github.com/miolini/datacounter v1.0.2 h1:mGTL0vqEAtH7mwNJS1JIpd6jwTAP6cBQQ2P8apaCIm8=
github.com/miolini/datacounter v1.0.2/go.mod h1:C45dc2hBumHjDpEU64IqPwR6TDyPVpzOqqRTN7zmBUA=
github.com/namsral/flag v1.7.4-pre h1:b2ScHhoCUkbsq0d2C15Mv+VU8bl8hAXV8arnWiOHNZs=
github.com/namsral/flag v1.7.4-pre/go.mod h1:OXldTctbM6SWH1K899kPZcf65KxJiD7MsceFUpB5yDo=
github.com/pixiv/go-libjpeg v0.0.0-20190822045933-3da21a74767d h1:ls+7AYarUlUSetfnN/DKVNcK6W8mQWc6VblmOm4XwX0=
github.com/pixiv/go-libjpeg v0.0.0-20190822045933-3da21a74767d/go.mod h1:DO7ixpslN6XfbWzeNH9vkS5CF2FQUX81B85rYe9zDxU=
github.com/tdewolff/minify v1.1.0 h1:nxHQi1ML+g3ZbZHffiZ6eC7vMqNvSRfX3KB5Y5y/kfw=
github.com/tdewolff/minify v2.3.6+incompatible h1:2hw5/9ZvxhWLvBUnHE06gElGYz+Jv9R4Eys0XUzItYo=
github.com/tdewolff/minify v2.3.6+incompatible/go.mod h1:9Ov578KJUmAWpS6NeZwRZyT56Uf6o3Mcz9CEsg8USYs=
github.com/tdewolff/parse v1.1.0 h1:tMjj9GCK8zzwjWyxdZ4pabzdWO1VG+G3bvCnG6aUIyQ=
github.com/tdewolff/parse v2.3.4+incompatible h1:x05/cnGwIMf4ceLuDMBOdQ1qGniMoxpP46ghf0Qzh38=
github.com/tdewolff/parse v2.3.4+incompatible/go.mod h1:8oBwCsVmUkgHO8M5iCzSIDtpzXOT0WXX9cWhz+bIzJQ=
gopkg.in/kothar/brotli-go.v0 v0.0.0-20170728081549-771231d473d6 h1:M8GdJL0oESXVmjOOT3upJyFkKs5o1jJERiKYOZjVes0=
gopkg.in/kothar/brotli-go.v0 v0.0.0-20170728081549-771231d473d6/go.mod h1:nVee4zUY+UoXjOfM57w44w2XjsoIqIKd4A9vktFSQ6I=
